
Microsoft Visual Studio Solution File, Format Version 12.00
# Visual Studio Version 16
VisualStudioVersion = 16.0.31702.278
MinimumVisualStudioVersion = 10.0.40219.1
Project("{FAE04EC0-301F-11D3-BF4B-00C04F79EFBC}") = "FormulierFunctions", "FormulierFunctions\FormulierFunctions.csproj", "{1719A2E5-A642-4AEA-AD5C-10DA95773885}"
EndProject
Global
	GlobalSection(SolutionConfigurationPlatforms) = preSolution
		Debug|Any CPU = Debug|Any CPU
		Release|Any CPU = Release|Any CPU
	EndGlobalSection
	GlobalSection(ProjectConfigurationPlatforms) = postSolution
		{1719A2E5-A642-4AEA-AD5C-10DA95773885}.Debug|Any CPU.ActiveCfg = Debug|Any CPU
		{1719A2E5-A642-4AEA-AD5C-10DA95773885}.Debug|Any CPU.Build.0 = Debug|Any CPU
		{1719A2E5-A642-4AEA-AD5C-10DA95773885}.Release|Any CPU.ActiveCfg = Release|Any CPU
		{1719A2E5-A642-4AEA-AD5C-10DA95773885}.Release|Any CPU.Build.0 = Release|Any CPU
	EndGlobalSection
	GlobalSection(SolutionProperties) = preSolution
		HideSolutionNode = FALSE
	EndGlobalSection
	GlobalSection(ExtensibilityGlobals) = postSolution
		SolutionGuid = {0552C874-AC0A-4C59-A714-ABF0019B336F}
	EndGlobalSection
EndGlobal
